
Microsoft Visual Studio Solution File, Format Version 12.00
# Visual Studio 15
VisualStudioVersion = 15.0.28010.2036
MinimumVisualStudioVersion = 10.0.40219.1
Project("{FAE04EC0-301F-11D3-BF4B-00C04F79EFBC}") = "PrimerParcialPractico", "PrimerParcialPractico\PrimerParcialPractico.csproj", "{DE90C657-A3F9-4DCD-AD47-E4E48FE26F3D}"
EndProject
Global
	GlobalSection(SolutionConfigurationPlatforms) = preSolution
		Debug|Any CPU = Debug|Any CPU
		Release|Any CPU = Release|Any CPU
	EndGlobalSection
	GlobalSection(ProjectConfigurationPlatforms) = postSolution
		{DE90C657-A3F9-4DCD-AD47-E4E48FE26F3D}.Debug|Any CPU.ActiveCfg = Debug|Any CPU
		{DE90C657-A3F9-4DCD-AD47-E4E48FE26F3D}.Debug|Any CPU.Build.0 = Debug|Any CPU
		{DE90C657-A3F9-4DCD-AD47-E4E48FE26F3D}.Release|Any CPU.ActiveCfg = Release|Any CPU
		{DE90C657-A3F9-4DCD-AD47-E4E48FE26F3D}.Release|Any CPU.Build.0 = Release|Any CPU
	EndGlobalSection
	GlobalSection(SolutionProperties) = preSolution
		HideSolutionNode = FALSE
	EndGlobalSection
	GlobalSection(ExtensibilityGlobals) = postSolution
		SolutionGuid = {858C8882-A546-49CC-8B08-BA419FC46744}
	EndGlobalSection
EndGlobal
